
Microsoft Visual Studio Solution File, Format Version 12.00
# Visual Studio Version 17
VisualStudioVersion = 17.5.002.0
MinimumVisualStudioVersion = 10.0.40219.1
Project("{9A19103F-16F7-4668-BE54-9A1E7A4F7556}") = "Slimforge.Api.Momo", "Slimforge.Api.Momo\Slimforge.Api.Momo.csproj", "{F4C84F3D-8E45-4625-BB7E-EB52FDBE6EB0}"
EndProject
Project("{FAE04EC0-301F-11D3-BF4B-00C04F79EFBC}") = "Slimforge.Api.Momo.Tests.Unit", "Slimforge.Api.Momo.Tests.Unit\Slimforge.Api.Momo.Tests.Unit.csproj", "{8CFC77A0-9E00-45B4-BD1B-D13511493E8C}"
EndProject
Project("{FAE04EC0-301F-11D3-BF4B-00C04F79EFBC}") = "Slimforge.Api.Momo.Infrastructure.Build", "Slimforge.Api.Momo.Infrastructure.Build\Slimforge.Api.Momo.Infrastructure.Build.csproj", "{B592732A-5799-4BDE-9BB0-01AB7D35767B}"
EndProject
Global
	GlobalSection(SolutionConfigurationPlatforms) = preSolution
		Debug|Any CPU = Debug|Any CPU
		Release|Any CPU = Release|Any CPU
	EndGlobalSection
	GlobalSection(ProjectConfigurationPlatforms) = postSolution
		{F4C84F3D-8E45-4625-BB7E-EB52FDBE6EB0}.Debug|Any CPU.ActiveCfg = Debug|Any CPU
		{F4C84F3D-8E45-4625-BB7E-EB52FDBE6EB0}.Debug|Any CPU.Build.0 = Debug|Any CPU
		{F4C84F3D-8E45-4625-BB7E-EB52FDBE6EB0}.Release|Any CPU.ActiveCfg = Release|Any CPU
		{F4C84F3D-8E45-4625-BB7E-EB52FDBE6EB0}.Release|Any CPU.Build.0 = Release|Any CPU
		{8CFC77A0-9E00-45B4-BD1B-D13511493E8C}.Debug|Any CPU.ActiveCfg = Debug|Any CPU
		{8CFC77A0-9E00-45B4-BD1B-D13511493E8C}.Debug|Any CPU.Build.0 = Debug|Any CPU
		{8CFC77A0-9E00-45B4-BD1B-D13511493E8C}.Release|Any CPU.ActiveCfg = Release|Any CPU
		{8CFC77A0-9E00-45B4-BD1B-D13511493E8C}.Release|Any CPU.Build.0 = Release|Any CPU
		{B592732A-5799-4BDE-9BB0-01AB7D35767B}.Debug|Any CPU.ActiveCfg = Debug|Any CPU
		{B592732A-5799-4BDE-9BB0-01AB7D35767B}.Debug|Any CPU.Build.0 = Debug|Any CPU
		{B592732A-5799-4BDE-9BB0-01AB7D35767B}.Release|Any CPU.ActiveCfg = Release|Any CPU
		{B592732A-5799-4BDE-9BB0-01AB7D35767B}.Release|Any CPU.Build.0 = Release|Any CPU
	EndGlobalSection
	GlobalSection(SolutionProperties) = preSolution
		HideSolutionNode = FALSE
	EndGlobalSection
	GlobalSection(ExtensibilityGlobals) = postSolution
		SolutionGuid = {25C59B90-383B-4A55-8B3D-9EC9D7A47036}
	EndGlobalSection
EndGlobal
